
Microsoft Visual Studio Solution File, Format Version 12.00
# Visual Studio 15
VisualStudioVersion = 15.0.28307.168
MinimumVisualStudioVersion = 10.0.40219.1
Project("{FAE04EC0-301F-11D3-BF4B-00C04F79EFBC}") = "ListViewGrouphHeader.Android", "ListViewGrouphHeader\ListViewGrouphHeader.Android\ListViewGrouphHeader.Android.csproj", "{4D98AF99-F6F2-46F9-9782-7925DD6D4966}"
EndProject
Project("{FAE04EC0-301F-11D3-BF4B-00C04F79EFBC}") = "ListViewGrouphHeader.iOS", "ListViewGrouphHeader\ListViewGrouphHeader.iOS\ListViewGrouphHeader.iOS.csproj", "{56368D6B-0680-4334-8951-6FCB987CD836}"
EndProject
Project("{FAE04EC0-301F-11D3-BF4B-00C04F79EFBC}") = "ListViewGrouphHeader.UWP", "ListViewGrouphHeader\ListViewGrouphHeader.UWP\ListViewGrouphHeader.UWP.csproj", "{30936E53-95CB-4F94-ACA6-3CF970BEBE3D}"
EndProject
Project("{FAE04EC0-301F-11D3-BF4B-00C04F79EFBC}") = "ListViewGrouphHeader", "ListViewGrouphHeader\ListViewGrouphHeader\ListViewGrouphHeader.csproj", "{1373BBC7-D170-4F9C-9789-D1F6FB807B28}"
EndProject
Global
	GlobalSection(SolutionConfigurationPlatforms) = preSolution
		Ad-Hoc|Any CPU = Ad-Hoc|Any CPU
		Ad-Hoc|ARM = Ad-Hoc|ARM
		Ad-Hoc|iPhone = Ad-Hoc|iPhone
		Ad-Hoc|iPhoneSimulator = Ad-Hoc|iPhoneSimulator
		Ad-Hoc|x64 = Ad-Hoc|x64
		Ad-Hoc|x86 = Ad-Hoc|x86
		AppStore|Any CPU = AppStore|Any CPU
		AppStore|ARM = AppStore|ARM
		AppStore|iPhone = AppStore|iPhone
		AppStore|iPhoneSimulator = AppStore|iPhoneSimulator
		AppStore|x64 = AppStore|x64
		AppStore|x86 = AppStore|x86
		Debug|Any CPU = Debug|Any CPU
		Debug|ARM = Debug|ARM
		Debug|iPhone = Debug|iPhone
		Debug|iPhoneSimulator = Debug|iPhoneSimulator
		Debug|x64 = Debug|x64
		Debug|x86 = Debug|x86
		Release|Any CPU = Release|Any CPU
		Release|ARM = Release|ARM
		Release|iPhone = Release|iPhone
		Release|iPhoneSimulator = Release|iPhoneSimulator
		Release|x64 = Release|x64
		Release|x86 = Release|x86
	EndGlobalSection
	GlobalSection(ProjectConfigurationPlatforms) = postSolution
		{4D98AF99-F6F2-46F9-9782-7925DD6D4966}.Ad-Hoc|Any CPU.ActiveCfg = Release|Any CPU
		{4D98AF99-F6F2-46F9-9782-7925DD6D4966}.Ad-Hoc|Any CPU.Build.0 = Release|Any CPU
		{4D98AF99-F6F2-46F9-9782-7925DD6D4966}.Ad-Hoc|Any CPU.Deploy.0 = Release|Any CPU
		{4D98AF99-F6F2-46F9-9782-7925DD6D4966}.Ad-Hoc|ARM.ActiveCfg = Release|Any CPU
		{4D98AF99-F6F2-46F9-9782-7925DD6D4966}.Ad-Hoc|ARM.Build.0 = Release|Any CPU
		{4D98AF99-F6F2-46F9-9782-7925DD6D4966}.Ad-Hoc|ARM.Deploy.0 = Release|Any CPU
		{4D98AF99-F6F2-46F9-9782-7925DD6D4966}.Ad-Hoc|iPhone.ActiveCfg = Release|Any CPU
		{4D98AF99-F6F2-46F9-9782-7925DD6D4966}.Ad-Hoc|iPhone.Build.0 = Release|Any CPU
		{4D98AF99-F6F2-46F9-9782-7925DD6D4966}.Ad-Hoc|iPhone.Deploy.0 = Release|Any CPU
		{4D98AF99-F6F2-46F9-9782-7925DD6D4966}.Ad-Hoc|iPhoneSimulator.ActiveCfg = Release|Any CPU
		{4D98AF99-F6F2-46F9-9782-7925DD6D4966}.Ad-Hoc|iPhoneSimulator.Build.0 = Release|Any CPU
		{4D98AF99-F6F2-46F9-9782-7925DD6D4966}.Ad-Hoc|iPhoneSimulator.Deploy.0 = Release|Any CPU
		{4D98AF99-F6F2-46F9-9782-7925DD6D4966}.Ad-Hoc|x64.ActiveCfg = Release|Any CPU
		{4D98AF99-F6F2-46F9-9782-7925DD6D4966}.Ad-Hoc|x64.Build.0 = Release|Any CPU
		{4D98AF99-F6F2-46F9-9782-7925DD6D4966}.Ad-Hoc|x64.Deploy.0 = Release|Any CPU
		{4D98AF99-F6F2-46F9-9782-7925DD6D4966}.Ad-Hoc|x86.ActiveCfg = Release|Any CPU
		{4D98AF99-F6F2-46F9-9782-7925DD6D4966}.Ad-Hoc|x86.Build.0 = Release|Any CPU
		{4D98AF99-F6F2-46F9-9782-7925DD6D4966}.Ad-Hoc|x86.Deploy.0 = Release|Any CPU
		{4D98AF99-F6F2-46F9-9782-7925DD6D4966}.AppStore|Any CPU.ActiveCfg = Release|Any CPU
		{4D98AF99-F6F2-46F9-9782-7925DD6D4966}.AppStore|Any CPU.Build.0 = Release|Any CPU
		{4D98AF99-F6F2-46F9-9782-7925DD6D4966}.AppStore|Any CPU.Deploy.0 = Release|Any CPU
		{4D98AF99-F6F2-46F9-9782-7925DD6D4966}.AppStore|ARM.ActiveCfg = Release|Any CPU
		{4D98AF99-F6F2-46F9-9782-7925DD6D4966}.AppStore|ARM.Build.0 = Release|Any CPU
		{4D98AF99-F6F2-46F9-9782-7925DD6D4966}.AppStore|ARM.Deploy.0 = Release|Any CPU
		{4D98AF99-F6F2-46F9-9782-7925DD6D4966}.AppStore|iPhone.ActiveCfg = Release|Any CPU
		{4D98AF99-F6F2-46F9-9782-7925DD6D4966}.AppStore|iPhone.Build.0 = Release|Any CPU
		{4D98AF99-F6F2-46F9-9782-7925DD6D4966}.AppStore|iPhone.Deploy.0 = Release|Any CPU
		{4D98AF99-F6F2-46F9-9782-7925DD6D4966}.AppStore|iPhoneSimulator.ActiveCfg = Release|Any CPU
		{4D98AF99-F6F2-46F9-9782-7925DD6D4966}.AppStore|iPhoneSimulator.Build.0 = Release|Any CPU
		{4D98AF99-F6F2-46F9-9782-7925DD6D4966}.AppStore|iPhoneSimulator.Deploy.0 = Release|Any CPU
		{4D98AF99-F6F2-46F9-9782-7925DD6D4966}.AppStore|x64.ActiveCfg = Release|Any CPU
		{4D98AF99-F6F2-46F9-9782-7925DD6D4966}.AppStore|x64.Build.0 = Release|Any CPU
		{4D98AF99-F6F2-46F9-9782-7925DD6D4966}.AppStore|x64.Deploy.0 = Release|Any CPU
		{4D98AF99-F6F2-46F9-9782-7925DD6D4966}.AppStore|x86.ActiveCfg = Release|Any CPU
		{4D98AF99-F6F2-46F9-9782-7925DD6D4966}.AppStore|x86.Build.0 = Release|Any CPU
		{4D98AF99-F6F2-46F9-9782-7925DD6D4966}.AppStore|x86.Deploy.0 = Release|Any CPU
		{4D98AF99-F6F2-46F9-9782-7925DD6D4966}.Debug|Any CPU.ActiveCfg = Debug|Any CPU
		{4D98AF99-F6F2-46F9-9782-7925DD6D4966}.Debug|Any CPU.Build.0 = Debug|Any CPU
		{4D98AF99-F6F2-46F9-9782-7925DD6D4966}.Debug|Any CPU.Deploy.0 = Debug|Any CPU
		{4D98AF99-F6F2-46F9-9782-7925DD6D4966}.Debug|ARM.ActiveCfg = Debug|Any CPU
		{4D98AF99-F6F2-46F9-9782-7925DD6D4966}.Debug|ARM.Build.0 = Debug|Any CPU
		{4D98AF99-F6F2-46F9-9782-7925DD6D4966}.Debug|ARM.Deploy.0 = Debug|Any CPU
		{4D98AF99-F6F2-46F9-9782-7925DD6D4966}.Debug|iPhone.ActiveCfg = Debug|Any CPU
		{4D98AF99-F6F2-46F9-9782-7925DD6D4966}.Debug|iPhone.Build.0 = Debug|Any CPU
		{4D98AF99-F6F2-46F9-9782-7925DD6D4966}.Debug|iPhone.Deploy.0 = Debug|Any CPU
		{4D98AF99-F6F2-46F9-9782-7925DD6D4966}.Debug|iPhoneSimulator.ActiveCfg = Debug|Any CPU
		{4D98AF99-F6F2-46F9-9782-7925DD6D4966}.Debug|iPhoneSimulator.Build.0 = Debug|Any CPU
		{4D98AF99-F6F2-46F9-9782-7925DD6D4966}.Debug|iPhoneSimulator.Deploy.0 = Debug|Any CPU
		{4D98AF99-F6F2-46F9-9782-7925DD6D4966}.Debug|x64.ActiveCfg = Debug|Any CPU
		{4D98AF99-F6F2-46F9-9782-7925DD6D4966}.Debug|x64.Build.0 = Debug|Any CPU
		{4D98AF99-F6F2-46F9-9782-7925DD6D4966}.Debug|x64.Deploy.0 = Debug|Any CPU
		{4D98AF99-F6F2-46F9-9782-7925DD6D4966}.Debug|x86.ActiveCfg = Debug|Any CPU
		{4D98AF99-F6F2-46F9-9782-7925DD6D4966}.Debug|x86.Build.0 = Debug|Any CPU
		{4D98AF99-F6F2-46F9-9782-7925DD6D4966}.Debug|x86.Deploy.0 = Debug|Any CPU
		{4D98AF99-F6F2-46F9-9782-7925DD6D4966}.Release|Any CPU.ActiveCfg = Release|Any CPU
		{4D98AF99-F6F2-46F9-9782-7925DD6D4966}.Release|Any CPU.Build.0 = Release|Any CPU
		{4D98AF99-F6F2-46F9-9782-7925DD6D4966}.Release|Any CPU.Deploy.0 = Release|Any CPU
		{4D98AF99-F6F2-46F9-9782-7925DD6D4966}.Release|ARM.ActiveCfg = Release|Any CPU
		{4D98AF99-F6F2-46F9-9782-7925DD6D4966}.Release|ARM.Build.0 = Release|Any CPU
		{4D98AF99-F6F2-46F9-9782-7925DD6D4966}.Release|ARM.Deploy.0 = Release|Any CPU
		{4D98AF99-F6F2-46F9-9782-7925DD6D4966}.Release|iPhone.ActiveCfg = Release|Any CPU
		{4D98AF99-F6F2-46F9-9782-7925DD6D4966}.Release|iPhone.Build.0 = Release|Any CPU
		{4D98AF99-F6F2-46F9-9782-7925DD6D4966}.Release|iPhone.Deploy.0 = Release|Any CPU
		{4D98AF99-F6F2-46F9-9782-7925DD6D4966}.Release|iPhoneSimulator.ActiveCfg = Release|Any CPU
		{4D98AF99-F6F2-46F9-9782-7925DD6D4966}.Release|iPhoneSimulator.Build.0 = Release|Any CPU
		{4D98AF99-F6F2-46F9-9782-7925DD6D4966}.Release|iPhoneSimulator.Deploy.0 = Release|Any CPU
		{4D98AF99-F6F2-46F9-9782-7925DD6D4966}.Release|x64.ActiveCfg = Release|Any CPU
		{4D98AF99-F6F2-46F9-9782-7925DD6D4966}.Release|x64.Build.0 = Release|Any CPU
		{4D98AF99-F6F2-46F9-9782-7925DD6D4966}.Release|x64.Deploy.0 = Release|Any CPU
		{4D98AF99-F6F2-46F9-9782-7925DD6D4966}.Release|x86.ActiveCfg = Release|Any CPU
		{4D98AF99-F6F2-46F9-9782-7925DD6D4966}.Release|x86.Build.0 = Release|Any CPU
		{4D98AF99-F6F2-46F9-9782-7925DD6D4966}.Release|x86.Deploy.0 = Release|Any CPU
		{56368D6B-0680-4334-8951-6FCB987CD836}.Ad-Hoc|Any CPU.ActiveCfg = Ad-Hoc|iPhone
		{56368D6B-0680-4334-8951-6FCB987CD836}.Ad-Hoc|Any CPU.Build.0 = Ad-Hoc|iPhone
		{56368D6B-0680-4334-8951-6FCB987CD836}.Ad-Hoc|Any CPU.Deploy.0 = Ad-Hoc|iPhone
		{56368D6B-0680-4334-8951-6FCB987CD836}.Ad-Hoc|ARM.ActiveCfg = Ad-Hoc|iPhone
		{56368D6B-0680-4334-8951-6FCB987CD836}.Ad-Hoc|ARM.Build.0 = Ad-Hoc|iPhone
		{56368D6B-0680-4334-8951-6FCB987CD836}.Ad-Hoc|ARM.Deploy.0 = Ad-Hoc|iPhone
		{56368D6B-0680-4334-8951-6FCB987CD836}.Ad-Hoc|iPhone.ActiveCfg = Ad-Hoc|iPhone
		{56368D6B-0680-4334-8951-6FCB987CD836}.Ad-Hoc|iPhone.Build.0 = Ad-Hoc|iPhone
		{56368D6B-0680-4334-8951-6FCB987CD836}.Ad-Hoc|iPhone.Deploy.0 = Ad-Hoc|iPhone
		{56368D6B-0680-4334-8951-6FCB987CD836}.Ad-Hoc|iPhoneSimulator.ActiveCfg = Ad-Hoc|iPhoneSimulator
		{56368D6B-0680-4334-8951-6FCB987CD836}.Ad-Hoc|iPhoneSimulator.Build.0 = Ad-Hoc|iPhoneSimulator
		{56368D6B-0680-4334-8951-6FCB987CD836}.Ad-Hoc|iPhoneSimulator.Deploy.0 = Ad-Hoc|iPhoneSimulator
		{56368D6B-0680-4334-8951-6FCB987CD836}.Ad-Hoc|x64.ActiveCfg = Ad-Hoc|iPhone
		{56368D6B-0680-4334-8951-6FCB987CD836}.Ad-Hoc|x64.Build.0 = Ad-Hoc|iPhone
		{56368D6B-0680-4334-8951-6FCB987CD836}.Ad-Hoc|x64.Deploy.0 = Ad-Hoc|iPhone
		{56368D6B-0680-4334-8951-6FCB987CD836}.Ad-Hoc|x86.ActiveCfg = Ad-Hoc|iPhone
		{56368D6B-0680-4334-8951-6FCB987CD836}.Ad-Hoc|x86.Build.0 = Ad-Hoc|iPhone
		{56368D6B-0680-4334-8951-6FCB987CD836}.Ad-Hoc|x86.Deploy.0 = Ad-Hoc|iPhone
		{56368D6B-0680-4334-8951-6FCB987CD836}.AppStore|Any CPU.ActiveCfg = AppStore|iPhone
		{56368D6B-0680-4334-8951-6FCB987CD836}.AppStore|Any CPU.Build.0 = AppStore|iPhone
		{56368D6B-0680-4334-8951-6FCB987CD836}.AppStore|Any CPU.Deploy.0 = AppStore|iPhone
		{56368D6B-0680-4334-8951-6FCB987CD836}.AppStore|ARM.ActiveCfg = AppStore|iPhone
		{56368D6B-0680-4334-8951-6FCB987CD836}.AppStore|ARM.Build.0 = AppStore|iPhone
		{56368D6B-0680-4334-8951-6FCB987CD836}.AppStore|ARM.Deploy.0 = AppStore|iPhone
		{56368D6B-0680-4334-8951-6FCB987CD836}.AppStore|iPhone.ActiveCfg = AppStore|iPhone
		{56368D6B-0680-4334-8951-6FCB987CD836}.AppStore|iPhone.Build.0 = AppStore|iPhone
		{56368D6B-0680-4334-8951-6FCB987CD836}.AppStore|iPhone.Deploy.0 = AppStore|iPhone
		{56368D6B-0680-4334-8951-6FCB987CD836}.AppStore|iPhoneSimulator.ActiveCfg = AppStore|iPhoneSimulator
		{56368D6B-0680-4334-8951-6FCB987CD836}.AppStore|iPhoneSimulator.Build.0 = AppStore|iPhoneSimulator
		{56368D6B-0680-4334-8951-6FCB987CD836}.AppStore|iPhoneSimulator.Deploy.0 = AppStore|iPhoneSimulator
		{56368D6B-0680-4334-8951-6FCB987CD836}.AppStore|x64.ActiveCfg = AppStore|iPhone
		{56368D6B-0680-4334-8951-6FCB987CD836}.AppStore|x64.Build.0 = AppStore|iPhone
		{56368D6B-0680-4334-8951-6FCB987CD836}.AppStore|x64.Deploy.0 = AppStore|iPhone
		{56368D6B-0680-4334-8951-6FCB987CD836}.AppStore|x86.ActiveCfg = AppStore|iPhone
		{56368D6B-0680-4334-8951-6FCB987CD836}.AppStore|x86.Build.0 = AppStore|iPhone
		{56368D6B-0680-4334-8951-6FCB987CD836}.AppStore|x86.Deploy.0 = AppStore|iPhone
		{56368D6B-0680-4334-8951-6FCB987CD836}.Debug|Any CPU.ActiveCfg = Debug|iPhoneSimulator
		{56368D6B-0680-4334-8951-6FCB987CD836}.Debug|Any CPU.Build.0 = Debug|iPhoneSimulator
		{56368D6B-0680-4334-8951-6FCB987CD836}.Debug|Any CPU.Deploy.0 = Debug|iPhoneSimulator
		{56368D6B-0680-4334-8951-6FCB987CD836}.Debug|ARM.ActiveCfg = Debug|iPhone
		{56368D6B-0680-4334-8951-6FCB987CD836}.Debug|ARM.Build.0 = Debug|iPhone
		{56368D6B-0680-4334-8951-6FCB987CD836}.Debug|ARM.Deploy.0 = Debug|iPhone
		{56368D6B-0680-4334-8951-6FCB987CD836}.Debug|iPhone.ActiveCfg = Debug|iPhone
		{56368D6B-0680-4334-8951-6FCB987CD836}.Debug|iPhone.Build.0 = Debug|iPhone
		{56368D6B-0680-4334-8951-6FCB987CD836}.Debug|iPhone.Deploy.0 = Debug|iPhone
		{56368D6B-0680-4334-8951-6FCB987CD836}.Debug|iPhoneSimulator.ActiveCfg = Debug|iPhoneSimulator
		{56368D6B-0680-4334-8951-6FCB987CD836}.Debug|iPhoneSimulator.Build.0 = Debug|iPhoneSimulator
		{56368D6B-0680-4334-8951-6FCB987CD836}.Debug|iPhoneSimulator.Deploy.0 = Debug|iPhoneSimulator
		{56368D6B-0680-4334-8951-6FCB987CD836}.Debug|x64.ActiveCfg = Debug|iPhone
		{56368D6B-0680-4334-8951-6FCB987CD836}.Debug|x64.Build.0 = Debug|iPhone
		{56368D6B-0680-4334-8951-6FCB987CD836}.Debug|x64.Deploy.0 = Debug|iPhone
		{56368D6B-0680-4334-8951-6FCB987CD836}.Debug|x86.ActiveCfg = Debug|iPhone
		{56368D6B-0680-4334-8951-6FCB987CD836}.Debug|x86.Build.0 = Debug|iPhone
		{56368D6B-0680-4334-8951-6FCB987CD836}.Debug|x86.Deploy.0 = Debug|iPhone
		{56368D6B-0680-4334-8951-6FCB987CD836}.Release|Any CPU.ActiveCfg = Release|iPhone
		{56368D6B-0680-4334-8951-6FCB987CD836}.Release|Any CPU.Build.0 = Release|iPhone
		{56368D6B-0680-4334-8951-6FCB987CD836}.Release|Any CPU.Deploy.0 = Release|iPhone
		{56368D6B-0680-4334-8951-6FCB987CD836}.Release|ARM.ActiveCfg = Release|iPhone
		{56368D6B-0680-4334-8951-6FCB987CD836}.Release|ARM.Build.0 = Release|iPhone
		{56368D6B-0680-4334-8951-6FCB987CD836}.Release|ARM.Deploy.0 = Release|iPhone
		{56368D6B-0680-4334-8951-6FCB987CD836}.Release|iPhone.ActiveCfg = Release|iPhone
		{56368D6B-0680-4334-8951-6FCB987CD836}.Release|iPhone.Build.0 = Release|iPhone
		{56368D6B-0680-4334-8951-6FCB987CD836}.Release|iPhone.Deploy.0 = Release|iPhone
		{56368D6B-0680-4334-8951-6FCB987CD836}.Release|iPhoneSimulator.ActiveCfg = Release|iPhoneSimulator
		{56368D6B-0680-4334-8951-6FCB987CD836}.Release|iPhoneSimulator.Build.0 = Release|iPhoneSimulator
		{56368D6B-0680-4334-8951-6FCB987CD836}.Release|iPhoneSimulator.Deploy.0 = Release|iPhoneSimulator
		{56368D6B-0680-4334-8951-6FCB987CD836}.Release|x64.ActiveCfg = Release|iPhone
		{56368D6B-0680-4334-8951-6FCB987CD836}.Release|x64.Build.0 = Release|iPhone
		{56368D6B-0680-4334-8951-6FCB987CD836}.Release|x64.Deploy.0 = Release|iPhone
		{56368D6B-0680-4334-8951-6FCB987CD836}.Release|x86.ActiveCfg = Release|iPhone
		{56368D6B-0680-4334-8951-6FCB987CD836}.Release|x86.Build.0 = Release|iPhone
		{56368D6B-0680-4334-8951-6FCB987CD836}.Release|x86.Deploy.0 = Release|iPhone
		{30936E53-95CB-4F94-ACA6-3CF970BEBE3D}.Ad-Hoc|Any CPU.ActiveCfg = Release|x86
		{30936E53-95CB-4F94-ACA6-3CF970BEBE3D}.Ad-Hoc|Any CPU.Build.0 = Release|x86
		{30936E53-95CB-4F94-ACA6-3CF970BEBE3D}.Ad-Hoc|Any CPU.Deploy.0 = Release|x86
		{30936E53-95CB-4F94-ACA6-3CF970BEBE3D}.Ad-Hoc|ARM.ActiveCfg = Release|ARM
		{30936E53-95CB-4F94-ACA6-3CF970BEBE3D}.Ad-Hoc|ARM.Build.0 = Release|ARM
		{30936E53-95CB-4F94-ACA6-3CF970BEBE3D}.Ad-Hoc|ARM.Deploy.0 = Release|ARM
		{30936E53-95CB-4F94-ACA6-3CF970BEBE3D}.Ad-Hoc|iPhone.ActiveCfg = Release|x86
		{30936E53-95CB-4F94-ACA6-3CF970BEBE3D}.Ad-Hoc|iPhone.Build.0 = Release|x86
		{30936E53-95CB-4F94-ACA6-3CF970BEBE3D}.Ad-Hoc|iPhone.Deploy.0 = Release|x86
		{30936E53-95CB-4F94-ACA6-3CF970BEBE3D}.Ad-Hoc|iPhoneSimulator.ActiveCfg = Release|x86
		{30936E53-95CB-4F94-ACA6-3CF970BEBE3D}.Ad-Hoc|iPhoneSimulator.Build.0 = Release|x86
		{30936E53-95CB-4F94-ACA6-3CF970BEBE3D}.Ad-Hoc|iPhoneSimulator.Deploy.0 = Release|x86
		{30936E53-95CB-4F94-ACA6-3CF970BEBE3D}.Ad-Hoc|x64.ActiveCfg = Release|x64
		{30936E53-95CB-4F94-ACA6-3CF970BEBE3D}.Ad-Hoc|x64.Build.0 = Release|x64
		{30936E53-95CB-4F94-ACA6-3CF970BEBE3D}.Ad-Hoc|x64.Deploy.0 = Release|x64
		{30936E53-95CB-4F94-ACA6-3CF970BEBE3D}.Ad-Hoc|x86.ActiveCfg = Release|x86
		{30936E53-95CB-4F94-ACA6-3CF970BEBE3D}.Ad-Hoc|x86.Build.0 = Release|x86
		{30936E53-95CB-4F94-ACA6-3CF970BEBE3D}.Ad-Hoc|x86.Deploy.0 = Release|x86
		{30936E53-95CB-4F94-ACA6-3CF970BEBE3D}.AppStore|Any CPU.ActiveCfg = Release|x86
		{30936E53-95CB-4F94-ACA6-3CF970BEBE3D}.AppStore|Any CPU.Build.0 = Release|x86
		{30936E53-95CB-4F94-ACA6-3CF970BEBE3D}.AppStore|Any CPU.Deploy.0 = Release|x86
		{30936E53-95CB-4F94-ACA6-3CF970BEBE3D}.AppStore|ARM.ActiveCfg = Release|ARM
		{30936E53-95CB-4F94-ACA6-3CF970BEBE3D}.AppStore|ARM.Build.0 = Release|ARM
		{30936E53-95CB-4F94-ACA6-3CF970BEBE3D}.AppStore|ARM.Deploy.0 = Release|ARM
		{30936E53-95CB-4F94-ACA6-3CF970BEBE3D}.AppStore|iPhone.ActiveCfg = Release|x86
		{30936E53-95CB-4F94-ACA6-3CF970BEBE3D}.AppStore|iPhone.Build.0 = Release|x86
		{30936E53-95CB-4F94-ACA6-3CF970BEBE3D}.AppStore|iPhone.Deploy.0 = Release|x86
		{30936E53-95CB-4F94-ACA6-3CF970BEBE3D}.AppStore|iPhoneSimulator.ActiveCfg = Release|x86
		{30936E53-95CB-4F94-ACA6-3CF970BEBE3D}.AppStore|iPhoneSimulator.Build.0 = Release|x86
		{30936E53-95CB-4F94-ACA6-3CF970BEBE3D}.AppStore|iPhoneSimulator.Deploy.0 = Release|x86
		{30936E53-95CB-4F94-ACA6-3CF970BEBE3D}.AppStore|x64.ActiveCfg = Release|x64
		{30936E53-95CB-4F94-ACA6-3CF970BEBE3D}.AppStore|x64.Build.0 = Release|x64
		{30936E53-95CB-4F94-ACA6-3CF970BEBE3D}.AppStore|x64.Deploy.0 = Release|x64
		{30936E53-95CB-4F94-ACA6-3CF970BEBE3D}.AppStore|x86.ActiveCfg = Release|x86
		{30936E53-95CB-4F94-ACA6-3CF970BEBE3D}.AppStore|x86.Build.0 = Release|x86
		{30936E53-95CB-4F94-ACA6-3CF970BEBE3D}.AppStore|x86.Deploy.0 = Release|x86
		{30936E53-95CB-4F94-ACA6-3CF970BEBE3D}.Debug|Any CPU.ActiveCfg = Debug|x86
		{30936E53-95CB-4F94-ACA6-3CF970BEBE3D}.Debug|Any CPU.Build.0 = Debug|x86
		{30936E53-95CB-4F94-ACA6-3CF970BEBE3D}.Debug|Any CPU.Deploy.0 = Debug|x86
		{30936E53-95CB-4F94-ACA6-3CF970BEBE3D}.Debug|ARM.ActiveCfg = Debug|ARM
		{30936E53-95CB-4F94-ACA6-3CF970BEBE3D}.Debug|ARM.Build.0 = Debug|ARM
		{30936E53-95CB-4F94-ACA6-3CF970BEBE3D}.Debug|ARM.Deploy.0 = Debug|ARM
		{30936E53-95CB-4F94-ACA6-3CF970BEBE3D}.Debug|iPhone.ActiveCfg = Debug|x86
		{30936E53-95CB-4F94-ACA6-3CF970BEBE3D}.Debug|iPhone.Build.0 = Debug|x86
		{30936E53-95CB-4F94-ACA6-3CF970BEBE3D}.Debug|iPhone.Deploy.0 = Debug|x86
		{30936E53-95CB-4F94-ACA6-3CF970BEBE3D}.Debug|iPhoneSimulator.ActiveCfg = Debug|x86
		{30936E53-95CB-4F94-ACA6-3CF970BEBE3D}.Debug|iPhoneSimulator.Build.0 = Debug|x86
		{30936E53-95CB-4F94-ACA6-3CF970BEBE3D}.Debug|iPhoneSimulator.Deploy.0 = Debug|x86
		{30936E53-95CB-4F94-ACA6-3CF970BEBE3D}.Debug|x64.ActiveCfg = Debug|x64
		{30936E53-95CB-4F94-ACA6-3CF970BEBE3D}.Debug|x64.Build.0 = Debug|x64
		{30936E53-95CB-4F94-ACA6-3CF970BEBE3D}.Debug|x64.Deploy.0 = Debug|x64
		{30936E53-95CB-4F94-ACA6-3CF970BEBE3D}.Debug|x86.ActiveCfg = Debug|x86
		{30936E53-95CB-4F94-ACA6-3CF970BEBE3D}.Debug|x86.Build.0 = Debug|x86
		{30936E53-95CB-4F94-ACA6-3CF970BEBE3D}.Debug|x86.Deploy.0 = Debug|x86
		{30936E53-95CB-4F94-ACA6-3CF970BEBE3D}.Release|Any CPU.ActiveCfg = Release|x86
		{30936E53-95CB-4F94-ACA6-3CF970BEBE3D}.Release|Any CPU.Build.0 = Release|x86
		{30936E53-95CB-4F94-ACA6-3CF970BEBE3D}.Release|Any CPU.Deploy.0 = Release|x86
		{30936E53-95CB-4F94-ACA6-3CF970BEBE3D}.Release|ARM.ActiveCfg = Release|ARM
		{30936E53-95CB-4F94-ACA6-3CF970BEBE3D}.Release|ARM.Build.0 = Release|ARM
		{30936E53-95CB-4F94-ACA6-3CF970BEBE3D}.Release|ARM.Deploy.0 = Release|ARM
		{30936E53-95CB-4F94-ACA6-3CF970BEBE3D}.Release|iPhone.ActiveCfg = Release|x86
		{30936E53-95CB-4F94-ACA6-3CF970BEBE3D}.Release|iPhone.Build.0 = Release|x86
		{30936E53-95CB-4F94-ACA6-3CF970BEBE3D}.Release|iPhone.Deploy.0 = Release|x86
		{30936E53-95CB-4F94-ACA6-3CF970BEBE3D}.Release|iPhoneSimulator.ActiveCfg = Release|x86
		{30936E53-95CB-4F94-ACA6-3CF970BEBE3D}.Release|iPhoneSimulator.Build.0 = Release|x86
		{30936E53-95CB-4F94-ACA6-3CF970BEBE3D}.Release|iPhoneSimulator.Deploy.0 = Release|x86
		{30936E53-95CB-4F94-ACA6-3CF970BEBE3D}.Release|x64.ActiveCfg = Release|x64
		{30936E53-95CB-4F94-ACA6-3CF970BEBE3D}.Release|x64.Build.0 = Release|x64
		{30936E53-95CB-4F94-ACA6-3CF970BEBE3D}.Release|x64.Deploy.0 = Release|x64
		{30936E53-95CB-4F94-ACA6-3CF970BEBE3D}.Release|x86.ActiveCfg = Release|x86
		{30936E53-95CB-4F94-ACA6-3CF970BEBE3D}.Release|x86.Build.0 = Release|x86
		{30936E53-95CB-4F94-ACA6-3CF970BEBE3D}.Release|x86.Deploy.0 = Release|x86
		{1373BBC7-D170-4F9C-9789-D1F6FB807B28}.Ad-Hoc|Any CPU.ActiveCfg = Debug|Any CPU
		{1373BBC7-D170-4F9C-9789-D1F6FB807B28}.Ad-Hoc|Any CPU.Build.0 = Debug|Any CPU
		{1373BBC7-D170-4F9C-9789-D1F6FB807B28}.Ad-Hoc|Any CPU.Deploy.0 = Debug|Any CPU
		{1373BBC7-D170-4F9C-9789-D1F6FB807B28}.Ad-Hoc|ARM.ActiveCfg = Debug|Any CPU
		{1373BBC7-D170-4F9C-9789-D1F6FB807B28}.Ad-Hoc|ARM.Build.0 = Debug|Any CPU
		{1373BBC7-D170-4F9C-9789-D1F6FB807B28}.Ad-Hoc|ARM.Deploy.0 = Debug|Any CPU
		{1373BBC7-D170-4F9C-9789-D1F6FB807B28}.Ad-Hoc|iPhone.ActiveCfg = Debug|Any CPU
		{1373BBC7-D170-4F9C-9789-D1F6FB807B28}.Ad-Hoc|iPhone.Build.0 = Debug|Any CPU
		{1373BBC7-D170-4F9C-9789-D1F6FB807B28}.Ad-Hoc|iPhone.Deploy.0 = Debug|Any CPU
		{1373BBC7-D170-4F9C-9789-D1F6FB807B28}.Ad-Hoc|iPhoneSimulator.ActiveCfg = Debug|Any CPU
		{1373BBC7-D170-4F9C-9789-D1F6FB807B28}.Ad-Hoc|iPhoneSimulator.Build.0 = Debug|Any CPU
		{1373BBC7-D170-4F9C-9789-D1F6FB807B28}.Ad-Hoc|iPhoneSimulator.Deploy.0 = Debug|Any CPU
		{1373BBC7-D170-4F9C-9789-D1F6FB807B28}.Ad-Hoc|x64.ActiveCfg = Debug|Any CPU
		{1373BBC7-D170-4F9C-9789-D1F6FB807B28}.Ad-Hoc|x64.Build.0 = Debug|Any CPU
		{1373BBC7-D170-4F9C-9789-D1F6FB807B28}.Ad-Hoc|x64.Deploy.0 = Debug|Any CPU
		{1373BBC7-D170-4F9C-9789-D1F6FB807B28}.Ad-Hoc|x86.ActiveCfg = Debug|Any CPU
		{1373BBC7-D170-4F9C-9789-D1F6FB807B28}.Ad-Hoc|x86.Build.0 = Debug|Any CPU
		{1373BBC7-D170-4F9C-9789-D1F6FB807B28}.Ad-Hoc|x86.Deploy.0 = Debug|Any CPU
		{1373BBC7-D170-4F9C-9789-D1F6FB807B28}.AppStore|Any CPU.ActiveCfg = Debug|Any CPU
		{1373BBC7-D170-4F9C-9789-D1F6FB807B28}.AppStore|Any CPU.Build.0 = Debug|Any CPU
		{1373BBC7-D170-4F9C-9789-D1F6FB807B28}.AppStore|Any CPU.Deploy.0 = Debug|Any CPU
		{1373BBC7-D170-4F9C-9789-D1F6FB807B28}.AppStore|ARM.ActiveCfg = Debug|Any CPU
		{1373BBC7-D170-4F9C-9789-D1F6FB807B28}.AppStore|ARM.Build.0 = Debug|Any CPU
		{1373BBC7-D170-4F9C-9789-D1F6FB807B28}.AppStore|ARM.Deploy.0 = Debug|Any CPU
		{1373BBC7-D170-4F9C-9789-D1F6FB807B28}.AppStore|iPhone.ActiveCfg = Debug|Any CPU
		{1373BBC7-D170-4F9C-9789-D1F6FB807B28}.AppStore|iPhone.Build.0 = Debug|Any CPU
		{1373BBC7-D170-4F9C-9789-D1F6FB807B28}.AppStore|iPhone.Deploy.0 = Debug|Any CPU
		{1373BBC7-D170-4F9C-9789-D1F6FB807B28}.AppStore|iPhoneSimulator.ActiveCfg = Debug|Any CPU
		{1373BBC7-D170-4F9C-9789-D1F6FB807B28}.AppStore|iPhoneSimulator.Build.0 = Debug|Any CPU
		{1373BBC7-D170-4F9C-9789-D1F6FB807B28}.AppStore|iPhoneSimulator.Deploy.0 = Debug|Any CPU
		{1373BBC7-D170-4F9C-9789-D1F6FB807B28}.AppStore|x64.ActiveCfg = Debug|Any CPU
		{1373BBC7-D170-4F9C-9789-D1F6FB807B28}.AppStore|x64.Build.0 = Debug|Any CPU
		{1373BBC7-D170-4F9C-9789-D1F6FB807B28}.AppStore|x64.Deploy.0 = Debug|Any CPU
		{1373BBC7-D170-4F9C-9789-D1F6FB807B28}.AppStore|x86.ActiveCfg = Debug|Any CPU
		{1373BBC7-D170-4F9C-9789-D1F6FB807B28}.AppStore|x86.Build.0 = Debug|Any CPU
		{1373BBC7-D170-4F9C-9789-D1F6FB807B28}.AppStore|x86.Deploy.0 = Debug|Any CPU
		{1373BBC7-D170-4F9C-9789-D1F6FB807B28}.Debug|Any CPU.ActiveCfg = Debug|Any CPU
		{1373BBC7-D170-4F9C-9789-D1F6FB807B28}.Debug|Any CPU.Build.0 = Debug|Any CPU
		{1373BBC7-D170-4F9C-9789-D1F6FB807B28}.Debug|Any CPU.Deploy.0 = Debug|Any CPU
		{1373BBC7-D170-4F9C-9789-D1F6FB807B28}.Debug|ARM.ActiveCfg = Debug|Any CPU
		{1373BBC7-D170-4F9C-9789-D1F6FB807B28}.Debug|ARM.Build.0 = Debug|Any CPU
		{1373BBC7-D170-4F9C-9789-D1F6FB807B28}.Debug|ARM.Deploy.0 = Debug|Any CPU
		{1373BBC7-D170-4F9C-9789-D1F6FB807B28}.Debug|iPhone.ActiveCfg = Debug|Any CPU
		{1373BBC7-D170-4F9C-9789-D1F6FB807B28}.Debug|iPhone.Build.0 = Debug|Any CPU
		{1373BBC7-D170-4F9C-9789-D1F6FB807B28}.Debug|iPhone.Deploy.0 = Debug|Any CPU
		{1373BBC7-D170-4F9C-9789-D1F6FB807B28}.Debug|iPhoneSimulator.ActiveCfg = Debug|Any CPU
		{1373BBC7-D170-4F9C-9789-D1F6FB807B28}.Debug|iPhoneSimulator.Build.0 = Debug|Any CPU
		{1373BBC7-D170-4F9C-9789-D1F6FB807B28}.Debug|iPhoneSimulator.Deploy.0 = Debug|Any CPU
		{1373BBC7-D170-4F9C-9789-D1F6FB807B28}.Debug|x64.ActiveCfg = Debug|Any CPU
		{1373BBC7-D170-4F9C-9789-D1F6FB807B28}.Debug|x64.Build.0 = Debug|Any CPU
		{1373BBC7-D170-4F9C-9789-D1F6FB807B28}.Debug|x64.Deploy.0 = Debug|Any CPU
		{1373BBC7-D170-4F9C-9789-D1F6FB807B28}.Debug|x86.ActiveCfg = Debug|Any CPU
		{1373BBC7-D170-4F9C-9789-D1F6FB807B28}.Debug|x86.Build.0 = Debug|Any CPU
		{1373BBC7-D170-4F9C-9789-D1F6FB807B28}.Debug|x86.Deploy.0 = Debug|Any CPU
		{1373BBC7-D170-4F9C-9789-D1F6FB807B28}.Release|Any CPU.ActiveCfg = Release|Any CPU
		{1373BBC7-D170-4F9C-9789-D1F6FB807B28}.Release|Any CPU.Build.0 = Release|Any CPU
		{1373BBC7-D170-4F9C-9789-D1F6FB807B28}.Release|Any CPU.Deploy.0 = Release|Any CPU
		{1373BBC7-D170-4F9C-9789-D1F6FB807B28}.Release|ARM.ActiveCfg = Release|Any CPU
		{1373BBC7-D170-4F9C-9789-D1F6FB807B28}.Release|ARM.Build.0 = Release|Any CPU
		{1373BBC7-D170-4F9C-9789-D1F6FB807B28}.Release|ARM.Deploy.0 = Release|Any CPU
		{1373BBC7-D170-4F9C-9789-D1F6FB807B28}.Release|iPhone.ActiveCfg = Release|Any CPU
		{1373BBC7-D170-4F9C-9789-D1F6FB807B28}.Release|iPhone.Build.0 = Release|Any CPU
		{1373BBC7-D170-4F9C-9789-D1F6FB807B28}.Release|iPhone.Deploy.0 = Release|Any CPU
		{1373BBC7-D170-4F9C-9789-D1F6FB807B28}.Release|iPhoneSimulator.ActiveCfg = Release|Any CPU
		{1373BBC7-D170-4F9C-9789-D1F6FB807B28}.Release|iPhoneSimulator.Build.0 = Release|Any CPU
		{1373BBC7-D170-4F9C-9789-D1F6FB807B28}.Release|iPhoneSimulator.Deploy.0 = Release|Any CPU
		{1373BBC7-D170-4F9C-9789-D1F6FB807B28}.Release|x64.ActiveCfg = Release|Any CPU
		{1373BBC7-D170-4F9C-9789-D1F6FB807B28}.Release|x64.Build.0 = Release|Any CPU
		{1373BBC7-D170-4F9C-9789-D1F6FB807B28}.Release|x64.Deploy.0 = Release|Any CPU
		{1373BBC7-D170-4F9C-9789-D1F6FB807B28}.Release|x86.ActiveCfg = Release|Any CPU
		{1373BBC7-D170-4F9C-9789-D1F6FB807B28}.Release|x86.Build.0 = Release|Any CPU
		{1373BBC7-D170-4F9C-9789-D1F6FB807B28}.Release|x86.Deploy.0 = Release|Any CPU
	EndGlobalSection
	GlobalSection(SolutionProperties) = preSolution
		HideSolutionNode = FALSE
	EndGlobalSection
	GlobalSection(ExtensibilityGlobals) = postSolution
		SolutionGuid = {4BDA76E6-8F3F-40FA-AE82-FA5CE2AB5EDA}
	EndGlobalSection
EndGlobal
